
Microsoft Visual Studio Solution File, Format Version 12.00
Project("{FAE04EC0-301F-11D3-BF4B-00C04F79EFBC}") = "MatrixSimilarityAfterCyclicShifts", "MatrixSimilarityAfterCyclicShifts\MatrixSimilarityAfterCyclicShifts.csproj", "{3D571BCD-2E26-43D7-801D-65A19D7CE92E}"
EndProject
Global
	GlobalSection(SolutionConfigurationPlatforms) = preSolution
		Debug|Any CPU = Debug|Any CPU
		Release|Any CPU = Release|Any CPU
	EndGlobalSection
	GlobalSection(ProjectConfigurationPlatforms) = postSolution
		{3D571BCD-2E26-43D7-801D-65A19D7CE92E}.Debug|Any CPU.ActiveCfg = Debug|Any CPU
		{3D571BCD-2E26-43D7-801D-65A19D7CE92E}.Debug|Any CPU.Build.0 = Debug|Any CPU
		{3D571BCD-2E26-43D7-801D-65A19D7CE92E}.Release|Any CPU.ActiveCfg = Release|Any CPU
		{3D571BCD-2E26-43D7-801D-65A19D7CE92E}.Release|Any CPU.Build.0 = Release|Any CPU
	EndGlobalSection
EndGlobal
