
Microsoft Visual Studio Solution File, Format Version 12.00
# Visual Studio Version 17
VisualStudioVersion = 17.13.35806.99 d17.13
MinimumVisualStudioVersion = 10.0.40219.1
Project("{FAE04EC0-301F-11D3-BF4B-00C04F79EFBC}") = "AddDigits", "AddDigits\AddDigits.csproj", "{44C67FFE-0FD6-4A53-BC85-0CB7877A9571}"
EndProject
Global
	GlobalSection(SolutionConfigurationPlatforms) = preSolution
		Debug|Any CPU = Debug|Any CPU
		Release|Any CPU = Release|Any CPU
	EndGlobalSection
	GlobalSection(ProjectConfigurationPlatforms) = postSolution
		{44C67FFE-0FD6-4A53-BC85-0CB7877A9571}.Debug|Any CPU.ActiveCfg = Debug|Any CPU
		{44C67FFE-0FD6-4A53-BC85-0CB7877A9571}.Debug|Any CPU.Build.0 = Debug|Any CPU
		{44C67FFE-0FD6-4A53-BC85-0CB7877A9571}.Release|Any CPU.ActiveCfg = Release|Any CPU
		{44C67FFE-0FD6-4A53-BC85-0CB7877A9571}.Release|Any CPU.Build.0 = Release|Any CPU
	EndGlobalSection
	GlobalSection(SolutionProperties) = preSolution
		HideSolutionNode = FALSE
	EndGlobalSection
	GlobalSection(ExtensibilityGlobals) = postSolution
		SolutionGuid = {8AE9CB7A-11DB-400E-8F71-03CFB5F2F18C}
	EndGlobalSection
EndGlobal
