
Microsoft Visual Studio Solution File, Format Version 12.00
# Visual Studio Version 17
VisualStudioVersion = 17.13.35913.81 d17.13
MinimumVisualStudioVersion = 10.0.40219.1
Project("{FAE04EC0-301F-11D3-BF4B-00C04F79EFBC}") = "MySqrt", "MySqrt\MySqrt.csproj", "{02A8B792-306F-4FAB-805D-B24513A2680C}"
EndProject
Global
	GlobalSection(SolutionConfigurationPlatforms) = preSolution
		Debug|Any CPU = Debug|Any CPU
		Release|Any CPU = Release|Any CPU
	EndGlobalSection
	GlobalSection(ProjectConfigurationPlatforms) = postSolution
		{02A8B792-306F-4FAB-805D-B24513A2680C}.Debug|Any CPU.ActiveCfg = Debug|Any CPU
		{02A8B792-306F-4FAB-805D-B24513A2680C}.Debug|Any CPU.Build.0 = Debug|Any CPU
		{02A8B792-306F-4FAB-805D-B24513A2680C}.Release|Any CPU.ActiveCfg = Release|Any CPU
		{02A8B792-306F-4FAB-805D-B24513A2680C}.Release|Any CPU.Build.0 = Release|Any CPU
	EndGlobalSection
	GlobalSection(SolutionProperties) = preSolution
		HideSolutionNode = FALSE
	EndGlobalSection
	GlobalSection(ExtensibilityGlobals) = postSolution
		SolutionGuid = {3AF08C0B-2264-4C1C-BD16-6BA016B266BB}
	EndGlobalSection
EndGlobal
